PODS:
  - Flutter (1.0.0)
  - flutter_mylocation (0.0.1):
    - Flutter

DEPENDENCIES:
  - Flutter (from `Flutter`)
  - flutter_mylocation (from `.symlinks/plugins/flutter_mylocation/ios`)

EXTERNAL SOURCES:
  Flutter:
    :path: Flutter
  flutter_mylocation:
    :path: ".symlinks/plugins/flutter_mylocation/ios"

SPEC CHECKSUMS:
  Flutter: e0871f40cf51350855a761d2e70bf5af5b9b5de7
  flutter_mylocation: 15fd5645fb8fabf3412c9f4bbc3a307c45a72bd9

PODFILE CHECKSUM: 1959d098c91d8a792531a723c4a9d7e9f6a01e38

COCOAPODS: 1.15.2
